
Microsoft Visual Studio Solution File, Format Version 12.00
# Visual Studio Version 16
VisualStudioVersion = 16.0.30717.126
MinimumVisualStudioVersion = 10.0.40219.1
Project("{FAE04EC0-301F-11D3-BF4B-00C04F79EFBC}") = "TestTask", "TestTask\TestTask.csproj", "{D9CB5FF5-9F2A-45AB-99C4-0428EA049FDD}"
EndProject
Global
	GlobalSection(SolutionConfigurationPlatforms) = preSolution
		Debug|Any CPU = Debug|Any CPU
		Release|Any CPU = Release|Any CPU
	EndGlobalSection
	GlobalSection(ProjectConfigurationPlatforms) = postSolution
		{D9CB5FF5-9F2A-45AB-99C4-0428EA049FDD}.Debug|Any CPU.ActiveCfg = Debug|Any CPU
		{D9CB5FF5-9F2A-45AB-99C4-0428EA049FDD}.Debug|Any CPU.Build.0 = Debug|Any CPU
		{D9CB5FF5-9F2A-45AB-99C4-0428EA049FDD}.Release|Any CPU.ActiveCfg = Release|Any CPU
		{D9CB5FF5-9F2A-45AB-99C4-0428EA049FDD}.Release|Any CPU.Build.0 = Release|Any CPU
	EndGlobalSection
	GlobalSection(SolutionProperties) = preSolution
		HideSolutionNode = FALSE
	EndGlobalSection
	GlobalSection(ExtensibilityGlobals) = postSolution
		SolutionGuid = {86F13A4C-5DC0-4F7C-BD42-C015E406ADED}
	EndGlobalSection
EndGlobal
